
Microsoft Visual Studio Solution File, Format Version 12.00
# Visual Studio Version 17
VisualStudioVersion = 17.8.34330.188
MinimumVisualStudioVersion = 10.0.40219.1
Project("{9A19103F-16F7-4668-BE54-9A1E7A4F7556}") = "BudgetTrackerAPI", "BudgetTrackerAPI\BudgetTrackerAPI.csproj", "{83771137-4552-461C-81FC-B8C8D4CA60EE}"
EndProject
Project("{E24C65DC-7377-472B-9ABA-BC803B73C61A}") = "budget-tracker", "budget-tracker\", "{BFBE3A90-656D-4738-8B40-60F75689C9C7}"
	ProjectSection(WebsiteProperties) = preProject
		TargetFrameworkMoniker = ".NETFramework,Version%3Dv4.0"
		Debug.AspNetCompiler.VirtualPath = "/localhost_54696"
		Debug.AspNetCompiler.PhysicalPath = "budget-tracker\"
		Debug.AspNetCompiler.TargetPath = "PrecompiledWeb\localhost_54696\"
		Debug.AspNetCompiler.Updateable = "true"
		Debug.AspNetCompiler.ForceOverwrite = "true"
		Debug.AspNetCompiler.FixedNames = "false"
		Debug.AspNetCompiler.Debug = "True"
		Release.AspNetCompiler.VirtualPath = "/localhost_54696"
		Release.AspNetCompiler.PhysicalPath = "budget-tracker\"
		Release.AspNetCompiler.TargetPath = "PrecompiledWeb\localhost_54696\"
		Release.AspNetCompiler.Updateable = "true"
		Release.AspNetCompiler.ForceOverwrite = "true"
		Release.AspNetCompiler.FixedNames = "false"
		Release.AspNetCompiler.Debug = "False"
		VWDPort = "54696"
	EndProjectSection
EndProject
Global
	GlobalSection(SolutionConfigurationPlatforms) = preSolution
		Debug|Any CPU = Debug|Any CPU
		Release|Any CPU = Release|Any CPU
	EndGlobalSection
	GlobalSection(ProjectConfigurationPlatforms) = postSolution
		{83771137-4552-461C-81FC-B8C8D4CA60EE}.Debug|Any CPU.ActiveCfg = Debug|Any CPU
		{83771137-4552-461C-81FC-B8C8D4CA60EE}.Debug|Any CPU.Build.0 = Debug|Any CPU
		{83771137-4552-461C-81FC-B8C8D4CA60EE}.Release|Any CPU.ActiveCfg = Release|Any CPU
		{83771137-4552-461C-81FC-B8C8D4CA60EE}.Release|Any CPU.Build.0 = Release|Any CPU
		{BFBE3A90-656D-4738-8B40-60F75689C9C7}.Debug|Any CPU.ActiveCfg = Debug|Any CPU
		{BFBE3A90-656D-4738-8B40-60F75689C9C7}.Debug|Any CPU.Build.0 = Debug|Any CPU
		{BFBE3A90-656D-4738-8B40-60F75689C9C7}.Release|Any CPU.ActiveCfg = Debug|Any CPU
		{BFBE3A90-656D-4738-8B40-60F75689C9C7}.Release|Any CPU.Build.0 = Debug|Any CPU
	EndGlobalSection
	GlobalSection(SolutionProperties) = preSolution
		HideSolutionNode = FALSE
	EndGlobalSection
	GlobalSection(ExtensibilityGlobals) = postSolution
		SolutionGuid = {BFCE810D-B08E-4DBC-AAA0-3EBC96D945A0}
	EndGlobalSection
EndGlobal
