
Microsoft Visual Studio Solution File, Format Version 12.00
# Visual Studio Version 17
VisualStudioVersion = 17.8.34330.188
MinimumVisualStudioVersion = 10.0.40219.1
Project("{9A19103F-16F7-4668-BE54-9A1E7A4F7556}") = "BudgetTrackerAPI", "BudgetTrackerAPI\BudgetTrackerAPI.csproj", "{83771137-4552-461C-81FC-B8C8D4CA60EE}"
EndProject
Project("{FAE04EC0-301F-11D3-BF4B-00C04F79EFBC}") = "BudgetTracker", "BudgetTracker\BudgetTracker.csproj", "{72F7DE7E-2172-4E80-B39F-269263C9D9C0}"
EndProject
Global
	GlobalSection(SolutionConfigurationPlatforms) = preSolution
		Debug|Any CPU = Debug|Any CPU
		Release|Any CPU = Release|Any CPU
	EndGlobalSection
	GlobalSection(ProjectConfigurationPlatforms) = postSolution
		{83771137-4552-461C-81FC-B8C8D4CA60EE}.Debug|Any CPU.ActiveCfg = Debug|Any CPU
		{83771137-4552-461C-81FC-B8C8D4CA60EE}.Debug|Any CPU.Build.0 = Debug|Any CPU
		{83771137-4552-461C-81FC-B8C8D4CA60EE}.Release|Any CPU.ActiveCfg = Release|Any CPU
		{83771137-4552-461C-81FC-B8C8D4CA60EE}.Release|Any CPU.Build.0 = Release|Any CPU
		{72F7DE7E-2172-4E80-B39F-269263C9D9C0}.Debug|Any CPU.ActiveCfg = Debug|Any CPU
		{72F7DE7E-2172-4E80-B39F-269263C9D9C0}.Debug|Any CPU.Build.0 = Debug|Any CPU
		{72F7DE7E-2172-4E80-B39F-269263C9D9C0}.Release|Any CPU.ActiveCfg = Release|Any CPU
		{72F7DE7E-2172-4E80-B39F-269263C9D9C0}.Release|Any CPU.Build.0 = Release|Any CPU
	EndGlobalSection
	GlobalSection(SolutionProperties) = preSolution
		HideSolutionNode = FALSE
	EndGlobalSection
	GlobalSection(ExtensibilityGlobals) = postSolution
		SolutionGuid = {BFCE810D-B08E-4DBC-AAA0-3EBC96D945A0}
	EndGlobalSection
EndGlobal
